
Microsoft Visual Studio Solution File, Format Version 12.00
# Visual Studio Version 17
VisualStudioVersion = 17.1.32421.90
MinimumVisualStudioVersion = 10.0.40219.1
Project("{9A19103F-16F7-4668-BE54-9A1E7A4F7556}") = "InfomrationForOverRider", "InfomrationForOverRider.csproj", "{E19FC334-5B10-4759-AEDA-47CC1B06482B}"
EndProject
Project("{FAE04EC0-301F-11D3-BF4B-00C04F79EFBC}") = "MyProject.InfoExample", "..\MyProject.InfoExample\MyProject.InfoExample.csproj", "{A71EB5E3-BA64-49CD-8A14-94B77CAFAB44}"
EndProject
Global
	GlobalSection(SolutionConfigurationPlatforms) = preSolution
		Debug|Any CPU = Debug|Any CPU
		Release|Any CPU = Release|Any CPU
	EndGlobalSection
	GlobalSection(ProjectConfigurationPlatforms) = postSolution
		{E19FC334-5B10-4759-AEDA-47CC1B06482B}.Debug|Any CPU.ActiveCfg = Debug|Any CPU
		{E19FC334-5B10-4759-AEDA-47CC1B06482B}.Debug|Any CPU.Build.0 = Debug|Any CPU
		{E19FC334-5B10-4759-AEDA-47CC1B06482B}.Release|Any CPU.ActiveCfg = Release|Any CPU
		{E19FC334-5B10-4759-AEDA-47CC1B06482B}.Release|Any CPU.Build.0 = Release|Any CPU
		{A71EB5E3-BA64-49CD-8A14-94B77CAFAB44}.Debug|Any CPU.ActiveCfg = Debug|Any CPU
		{A71EB5E3-BA64-49CD-8A14-94B77CAFAB44}.Debug|Any CPU.Build.0 = Debug|Any CPU
		{A71EB5E3-BA64-49CD-8A14-94B77CAFAB44}.Release|Any CPU.ActiveCfg = Release|Any CPU
		{A71EB5E3-BA64-49CD-8A14-94B77CAFAB44}.Release|Any CPU.Build.0 = Release|Any CPU
	EndGlobalSection
	GlobalSection(SolutionProperties) = preSolution
		HideSolutionNode = FALSE
	EndGlobalSection
	GlobalSection(ExtensibilityGlobals) = postSolution
		SolutionGuid = {71171038-500A-4F3B-91C6-9D11C83FB6AA}
	EndGlobalSection
EndGlobal
